
Microsoft Visual Studio Solution File, Format Version 12.00
# Visual Studio 14
VisualStudioVersion = 14.0.25420.1
MinimumVisualStudioVersion = 10.0.40219.1
Project("{FAE04EC0-301F-11D3-BF4B-00C04F79EFBC}") = "DwarfVille.ConsoleApp", "DwarfVille.ConsoleApp\DwarfVille.ConsoleApp.csproj", "{1214A2B2-C717-46A9-BE4F-71B316A82423}"
EndProject
Project("{FAE04EC0-301F-11D3-BF4B-00C04F79EFBC}") = "DwarfVille.DomainLogic", "DwarfVille.DomainLogic\DwarfVille.DomainLogic.csproj", "{61AAB780-EB53-48BF-8AB7-D0E372BB383C}"
EndProject
Project("{FAE04EC0-301F-11D3-BF4B-00C04F79EFBC}") = "DwarfVille.Tests", "DwarfVille.Tests\DwarfVille.Tests.csproj", "{A3C2ADE9-4D1D-4ECB-9135-8A97315E732F}"
EndProject
Global
	GlobalSection(SolutionConfigurationPlatforms) = preSolution
		Debug|Any CPU = Debug|Any CPU
		Release|Any CPU = Release|Any CPU
	EndGlobalSection
	GlobalSection(ProjectConfigurationPlatforms) = postSolution
		{1214A2B2-C717-46A9-BE4F-71B316A82423}.Debug|Any CPU.ActiveCfg = Debug|Any CPU
		{1214A2B2-C717-46A9-BE4F-71B316A82423}.Debug|Any CPU.Build.0 = Debug|Any CPU
		{1214A2B2-C717-46A9-BE4F-71B316A82423}.Release|Any CPU.ActiveCfg = Release|Any CPU
		{1214A2B2-C717-46A9-BE4F-71B316A82423}.Release|Any CPU.Build.0 = Release|Any CPU
		{61AAB780-EB53-48BF-8AB7-D0E372BB383C}.Debug|Any CPU.ActiveCfg = Debug|Any CPU
		{61AAB780-EB53-48BF-8AB7-D0E372BB383C}.Debug|Any CPU.Build.0 = Debug|Any CPU
		{61AAB780-EB53-48BF-8AB7-D0E372BB383C}.Release|Any CPU.ActiveCfg = Release|Any CPU
		{61AAB780-EB53-48BF-8AB7-D0E372BB383C}.Release|Any CPU.Build.0 = Release|Any CPU
		{A3C2ADE9-4D1D-4ECB-9135-8A97315E732F}.Debug|Any CPU.ActiveCfg = Debug|Any CPU
		{A3C2ADE9-4D1D-4ECB-9135-8A97315E732F}.Debug|Any CPU.Build.0 = Debug|Any CPU
		{A3C2ADE9-4D1D-4ECB-9135-8A97315E732F}.Release|Any CPU.ActiveCfg = Release|Any CPU
		{A3C2ADE9-4D1D-4ECB-9135-8A97315E732F}.Release|Any CPU.Build.0 = Release|Any CPU
	EndGlobalSection
	GlobalSection(SolutionProperties) = preSolution
		HideSolutionNode = FALSE
	EndGlobalSection
EndGlobal
